
Microsoft Visual Studio Solution File, Format Version 12.00
Project("{2150E333-8FDC-42A3-9474-1A3956D46DE8}") = "src", "src", "{827E0CD3-B72D-47B6-A68D-7590B98EB39B}"
EndProject
Project("{FAE04EC0-301F-11D3-BF4B-00C04F79EFBC}") = "vTorrent.Bencode", "src\vTorrent.Bencode\vTorrent.Bencode.csproj", "{7BCFBCBD-1239-435E-B10D-9FAEEE1F2145}"
EndProject
Project("{FAE04EC0-301F-11D3-BF4B-00C04F79EFBC}") = "vTorrent.Core", "src\vTorrent.Core\vTorrent.Core.csproj", "{8A8A1BE7-E6A4-440A-9B89-AC809C983606}"
EndProject
Project("{FAE04EC0-301F-11D3-BF4B-00C04F79EFBC}") = "vTorrent.Desktop", "src\vTorrent.Desktop\vTorrent.Desktop.csproj", "{389F20C7-E67F-4484-BC8D-9E7158744B2B}"
EndProject
Project("{2150E333-8FDC-42A3-9474-1A3956D46DE8}") = "tests", "tests", "{0AB3BF05-4346-4AA6-1389-037BE0695223}"
EndProject
Project("{FAE04EC0-301F-11D3-BF4B-00C04F79EFBC}") = "vTorrent.Bencode.Tests", "tests\vTorrent.Bencode.Tests\vTorrent.Bencode.Tests.csproj", "{D1F3A405-7B3B-48F8-B96B-6E1EB952E220}"
EndProject
Project("{FAE04EC0-301F-11D3-BF4B-00C04F79EFBC}") = "vTorrent.Core.Tests", "tests\vTorrent.Core.Tests\vTorrent.Core.Tests.csproj", "{E55412F8-4908-48DD-97B2-15FA87C93ADD}"
EndProject
Project("{FAE04EC0-301F-11D3-BF4B-00C04F79EFBC}") = "vTorrent.Desktop.Tests", "tests\vTorrent.Desktop.Tests\vTorrent.Desktop.Tests.csproj", "{E4CB27ED-5DBD-452F-A9A7-DFEE8F107F45}"
EndProject
Project("{FAE04EC0-301F-11D3-BF4B-00C04F79EFBC}") = "vTorrent.Abstractions", "src\vTorrent.Abstractions\vTorrent.Abstractions.csproj", "{F31B0A7E-D3CE-46C8-BBCE-0C82A6DFBFDA}"
EndProject
Project("{FAE04EC0-301F-11D3-BF4B-00C04F79EFBC}") = "vTorrent.Storage", "src\vTorrent.Storage\vTorrent.Storage.csproj", "{A4128202-C761-45BA-8122-BABF3EA8826D}"
EndProject
Project("{FAE04EC0-301F-11D3-BF4B-00C04F79EFBC}") = "vTorrent.Storage.Tests", "tests\vTorrent.Storage.Tests\vTorrent.Storage.Tests.csproj", "{971CA57F-5470-45F4-BFDA-604E9E8F1845}"
EndProject
Project("{FAE04EC0-301F-11D3-BF4B-00C04F79EFBC}") = "vTorrent.Server", "src\vTorrent.Server\vTorrent.Server.csproj", "{69C0476B-649F-4133-A39C-253536588156}"
EndProject
Project("{FAE04EC0-301F-11D3-BF4B-00C04F79EFBC}") = "vTorrent.Server.Tests", "tests\vTorrent.Server.Tests\vTorrent.Server.Tests.csproj", "{4A869998-223C-47A9-B00A-F6301E01A99B}"
EndProject
Project("{FAE04EC0-301F-11D3-BF4B-00C04F79EFBC}") = "vTorrent.CLI", "src\vTorrent.CLI\vTorrent.CLI.csproj", "{CF8F2E9C-83D1-414E-9977-898323E7D180}"
EndProject
Project("{FAE04EC0-301F-11D3-BF4B-00C04F79EFBC}") = "vTorrent.CLI.Tests", "tests\vTorrent.CLI.Tests\vTorrent.CLI.Tests.csproj", "{9BC2FF3D-8BB7-4BE1-A77F-C7B3159AEBCB}"
EndProject
Global
	GlobalSection(SolutionConfigurationPlatforms) = preSolution
		Debug|Any CPU = Debug|Any CPU
		Debug|x64 = Debug|x64
		Debug|x86 = Debug|x86
		Release|Any CPU = Release|Any CPU
		Release|x64 = Release|x64
		Release|x86 = Release|x86
	EndGlobalSection
	GlobalSection(ProjectConfigurationPlatforms) = postSolution
		{7BCFBCBD-1239-435E-B10D-9FAEEE1F2145}.Debug|Any CPU.ActiveCfg = Debug|Any CPU
		{7BCFBCBD-1239-435E-B10D-9FAEEE1F2145}.Debug|Any CPU.Build.0 = Debug|Any CPU
		{7BCFBCBD-1239-435E-B10D-9FAEEE1F2145}.Debug|x64.ActiveCfg = Debug|Any CPU
		{7BCFBCBD-1239-435E-B10D-9FAEEE1F2145}.Debug|x64.Build.0 = Debug|Any CPU
		{7BCFBCBD-1239-435E-B10D-9FAEEE1F2145}.Debug|x86.ActiveCfg = Debug|Any CPU
		{7BCFBCBD-1239-435E-B10D-9FAEEE1F2145}.Debug|x86.Build.0 = Debug|Any CPU
		{7BCFBCBD-1239-435E-B10D-9FAEEE1F2145}.Release|Any CPU.ActiveCfg = Release|Any CPU
		{7BCFBCBD-1239-435E-B10D-9FAEEE1F2145}.Release|Any CPU.Build.0 = Release|Any CPU
		{7BCFBCBD-1239-435E-B10D-9FAEEE1F2145}.Release|x64.ActiveCfg = Release|Any CPU
		{7BCFBCBD-1239-435E-B10D-9FAEEE1F2145}.Release|x64.Build.0 = Release|Any CPU
		{7BCFBCBD-1239-435E-B10D-9FAEEE1F2145}.Release|x86.ActiveCfg = Release|Any CPU
		{7BCFBCBD-1239-435E-B10D-9FAEEE1F2145}.Release|x86.Build.0 = Release|Any CPU
		{8A8A1BE7-E6A4-440A-9B89-AC809C983606}.Debug|Any CPU.ActiveCfg = Debug|Any CPU
		{8A8A1BE7-E6A4-440A-9B89-AC809C983606}.Debug|Any CPU.Build.0 = Debug|Any CPU
		{8A8A1BE7-E6A4-440A-9B89-AC809C983606}.Debug|x64.ActiveCfg = Debug|Any CPU
		{8A8A1BE7-E6A4-440A-9B89-AC809C983606}.Debug|x64.Build.0 = Debug|Any CPU
		{8A8A1BE7-E6A4-440A-9B89-AC809C983606}.Debug|x86.ActiveCfg = Debug|Any CPU
		{8A8A1BE7-E6A4-440A-9B89-AC809C983606}.Debug|x86.Build.0 = Debug|Any CPU
		{8A8A1BE7-E6A4-440A-9B89-AC809C983606}.Release|Any CPU.ActiveCfg = Release|Any CPU
		{8A8A1BE7-E6A4-440A-9B89-AC809C983606}.Release|Any CPU.Build.0 = Release|Any CPU
		{8A8A1BE7-E6A4-440A-9B89-AC809C983606}.Release|x64.ActiveCfg = Release|Any CPU
		{8A8A1BE7-E6A4-440A-9B89-AC809C983606}.Release|x64.Build.0 = Release|Any CPU
		{8A8A1BE7-E6A4-440A-9B89-AC809C983606}.Release|x86.ActiveCfg = Release|Any CPU
		{8A8A1BE7-E6A4-440A-9B89-AC809C983606}.Release|x86.Build.0 = Release|Any CPU
		{389F20C7-E67F-4484-BC8D-9E7158744B2B}.Debug|Any CPU.ActiveCfg = Debug|Any CPU
		{389F20C7-E67F-4484-BC8D-9E7158744B2B}.Debug|Any CPU.Build.0 = Debug|Any CPU
		{389F20C7-E67F-4484-BC8D-9E7158744B2B}.Debug|x64.ActiveCfg = Debug|Any CPU
		{389F20C7-E67F-4484-BC8D-9E7158744B2B}.Debug|x64.Build.0 = Debug|Any CPU
		{389F20C7-E67F-4484-BC8D-9E7158744B2B}.Debug|x86.ActiveCfg = Debug|Any CPU
		{389F20C7-E67F-4484-BC8D-9E7158744B2B}.Debug|x86.Build.0 = Debug|Any CPU
		{389F20C7-E67F-4484-BC8D-9E7158744B2B}.Release|Any CPU.ActiveCfg = Release|Any CPU
		{389F20C7-E67F-4484-BC8D-9E7158744B2B}.Release|Any CPU.Build.0 = Release|Any CPU
		{389F20C7-E67F-4484-BC8D-9E7158744B2B}.Release|x64.ActiveCfg = Release|Any CPU
		{389F20C7-E67F-4484-BC8D-9E7158744B2B}.Release|x64.Build.0 = Release|Any CPU
		{389F20C7-E67F-4484-BC8D-9E7158744B2B}.Release|x86.ActiveCfg = Release|Any CPU
		{389F20C7-E67F-4484-BC8D-9E7158744B2B}.Release|x86.Build.0 = Release|Any CPU
		{D1F3A405-7B3B-48F8-B96B-6E1EB952E220}.Debug|Any CPU.ActiveCfg = Debug|Any CPU
		{D1F3A405-7B3B-48F8-B96B-6E1EB952E220}.Debug|Any CPU.Build.0 = Debug|Any CPU
		{D1F3A405-7B3B-48F8-B96B-6E1EB952E220}.Debug|x64.ActiveCfg = Debug|Any CPU
		{D1F3A405-7B3B-48F8-B96B-6E1EB952E220}.Debug|x64.Build.0 = Debug|Any CPU
		{D1F3A405-7B3B-48F8-B96B-6E1EB952E220}.Debug|x86.ActiveCfg = Debug|Any CPU
		{D1F3A405-7B3B-48F8-B96B-6E1EB952E220}.Debug|x86.Build.0 = Debug|Any CPU
		{D1F3A405-7B3B-48F8-B96B-6E1EB952E220}.Release|Any CPU.ActiveCfg = Release|Any CPU
		{D1F3A405-7B3B-48F8-B96B-6E1EB952E220}.Release|Any CPU.Build.0 = Release|Any CPU
		{D1F3A405-7B3B-48F8-B96B-6E1EB952E220}.Release|x64.ActiveCfg = Release|Any CPU
		{D1F3A405-7B3B-48F8-B96B-6E1EB952E220}.Release|x64.Build.0 = Release|Any CPU
		{D1F3A405-7B3B-48F8-B96B-6E1EB952E220}.Release|x86.ActiveCfg = Release|Any CPU
		{D1F3A405-7B3B-48F8-B96B-6E1EB952E220}.Release|x86.Build.0 = Release|Any CPU
		{E55412F8-4908-48DD-97B2-15FA87C93ADD}.Debug|Any CPU.ActiveCfg = Debug|Any CPU
		{E55412F8-4908-48DD-97B2-15FA87C93ADD}.Debug|Any CPU.Build.0 = Debug|Any CPU
		{E55412F8-4908-48DD-97B2-15FA87C93ADD}.Debug|x64.ActiveCfg = Debug|Any CPU
		{E55412F8-4908-48DD-97B2-15FA87C93ADD}.Debug|x64.Build.0 = Debug|Any CPU
		{E55412F8-4908-48DD-97B2-15FA87C93ADD}.Debug|x86.ActiveCfg = Debug|Any CPU
		{E55412F8-4908-48DD-97B2-15FA87C93ADD}.Debug|x86.Build.0 = Debug|Any CPU
		{E55412F8-4908-48DD-97B2-15FA87C93ADD}.Release|Any CPU.ActiveCfg = Release|Any CPU
		{E55412F8-4908-48DD-97B2-15FA87C93ADD}.Release|Any CPU.Build.0 = Release|Any CPU
		{E55412F8-4908-48DD-97B2-15FA87C93ADD}.Release|x64.ActiveCfg = Release|Any CPU
		{E55412F8-4908-48DD-97B2-15FA87C93ADD}.Release|x64.Build.0 = Release|Any CPU
		{E55412F8-4908-48DD-97B2-15FA87C93ADD}.Release|x86.ActiveCfg = Release|Any CPU
		{E55412F8-4908-48DD-97B2-15FA87C93ADD}.Release|x86.Build.0 = Release|Any CPU
		{E4CB27ED-5DBD-452F-A9A7-DFEE8F107F45}.Debug|Any CPU.ActiveCfg = Debug|Any CPU
		{E4CB27ED-5DBD-452F-A9A7-DFEE8F107F45}.Debug|Any CPU.Build.0 = Debug|Any CPU
		{E4CB27ED-5DBD-452F-A9A7-DFEE8F107F45}.Debug|x64.ActiveCfg = Debug|Any CPU
		{E4CB27ED-5DBD-452F-A9A7-DFEE8F107F45}.Debug|x64.Build.0 = Debug|Any CPU
		{E4CB27ED-5DBD-452F-A9A7-DFEE8F107F45}.Debug|x86.ActiveCfg = Debug|Any CPU
		{E4CB27ED-5DBD-452F-A9A7-DFEE8F107F45}.Debug|x86.Build.0 = Debug|Any CPU
		{E4CB27ED-5DBD-452F-A9A7-DFEE8F107F45}.Release|Any CPU.ActiveCfg = Release|Any CPU
		{E4CB27ED-5DBD-452F-A9A7-DFEE8F107F45}.Release|Any CPU.Build.0 = Release|Any CPU
		{E4CB27ED-5DBD-452F-A9A7-DFEE8F107F45}.Release|x64.ActiveCfg = Release|Any CPU
		{E4CB27ED-5DBD-452F-A9A7-DFEE8F107F45}.Release|x64.Build.0 = Release|Any CPU
		{E4CB27ED-5DBD-452F-A9A7-DFEE8F107F45}.Release|x86.ActiveCfg = Release|Any CPU
		{E4CB27ED-5DBD-452F-A9A7-DFEE8F107F45}.Release|x86.Build.0 = Release|Any CPU
		{F31B0A7E-D3CE-46C8-BBCE-0C82A6DFBFDA}.Debug|Any CPU.ActiveCfg = Debug|Any CPU
		{F31B0A7E-D3CE-46C8-BBCE-0C82A6DFBFDA}.Debug|Any CPU.Build.0 = Debug|Any CPU
		{F31B0A7E-D3CE-46C8-BBCE-0C82A6DFBFDA}.Debug|x64.ActiveCfg = Debug|Any CPU
		{F31B0A7E-D3CE-46C8-BBCE-0C82A6DFBFDA}.Debug|x64.Build.0 = Debug|Any CPU
		{F31B0A7E-D3CE-46C8-BBCE-0C82A6DFBFDA}.Debug|x86.ActiveCfg = Debug|Any CPU
		{F31B0A7E-D3CE-46C8-BBCE-0C82A6DFBFDA}.Debug|x86.Build.0 = Debug|Any CPU
		{F31B0A7E-D3CE-46C8-BBCE-0C82A6DFBFDA}.Release|Any CPU.ActiveCfg = Release|Any CPU
		{F31B0A7E-D3CE-46C8-BBCE-0C82A6DFBFDA}.Release|Any CPU.Build.0 = Release|Any CPU
		{F31B0A7E-D3CE-46C8-BBCE-0C82A6DFBFDA}.Release|x64.ActiveCfg = Release|Any CPU
		{F31B0A7E-D3CE-46C8-BBCE-0C82A6DFBFDA}.Release|x64.Build.0 = Release|Any CPU
		{F31B0A7E-D3CE-46C8-BBCE-0C82A6DFBFDA}.Release|x86.ActiveCfg = Release|Any CPU
		{F31B0A7E-D3CE-46C8-BBCE-0C82A6DFBFDA}.Release|x86.Build.0 = Release|Any CPU
		{A4128202-C761-45BA-8122-BABF3EA8826D}.Debug|Any CPU.ActiveCfg = Debug|Any CPU
		{A4128202-C761-45BA-8122-BABF3EA8826D}.Debug|Any CPU.Build.0 = Debug|Any CPU
		{A4128202-C761-45BA-8122-BABF3EA8826D}.Debug|x64.ActiveCfg = Debug|Any CPU
		{A4128202-C761-45BA-8122-BABF3EA8826D}.Debug|x64.Build.0 = Debug|Any CPU
		{A4128202-C761-45BA-8122-BABF3EA8826D}.Debug|x86.ActiveCfg = Debug|Any CPU
		{A4128202-C761-45BA-8122-BABF3EA8826D}.Debug|x86.Build.0 = Debug|Any CPU
		{A4128202-C761-45BA-8122-BABF3EA8826D}.Release|Any CPU.ActiveCfg = Release|Any CPU
		{A4128202-C761-45BA-8122-BABF3EA8826D}.Release|Any CPU.Build.0 = Release|Any CPU
		{A4128202-C761-45BA-8122-BABF3EA8826D}.Release|x64.ActiveCfg = Release|Any CPU
		{A4128202-C761-45BA-8122-BABF3EA8826D}.Release|x64.Build.0 = Release|Any CPU
		{A4128202-C761-45BA-8122-BABF3EA8826D}.Release|x86.ActiveCfg = Release|Any CPU
		{A4128202-C761-45BA-8122-BABF3EA8826D}.Release|x86.Build.0 = Release|Any CPU
		{971CA57F-5470-45F4-BFDA-604E9E8F1845}.Debug|Any CPU.ActiveCfg = Debug|Any CPU
		{971CA57F-5470-45F4-BFDA-604E9E8F1845}.Debug|Any CPU.Build.0 = Debug|Any CPU
		{971CA57F-5470-45F4-BFDA-604E9E8F1845}.Debug|x64.ActiveCfg = Debug|Any CPU
		{971CA57F-5470-45F4-BFDA-604E9E8F1845}.Debug|x64.Build.0 = Debug|Any CPU
		{971CA57F-5470-45F4-BFDA-604E9E8F1845}.Debug|x86.ActiveCfg = Debug|Any CPU
		{971CA57F-5470-45F4-BFDA-604E9E8F1845}.Debug|x86.Build.0 = Debug|Any CPU
		{971CA57F-5470-45F4-BFDA-604E9E8F1845}.Release|Any CPU.ActiveCfg = Release|Any CPU
		{971CA57F-5470-45F4-BFDA-604E9E8F1845}.Release|Any CPU.Build.0 = Release|Any CPU
		{971CA57F-5470-45F4-BFDA-604E9E8F1845}.Release|x64.ActiveCfg = Release|Any CPU
		{971CA57F-5470-45F4-BFDA-604E9E8F1845}.Release|x64.Build.0 = Release|Any CPU
		{971CA57F-5470-45F4-BFDA-604E9E8F1845}.Release|x86.ActiveCfg = Release|Any CPU
		{971CA57F-5470-45F4-BFDA-604E9E8F1845}.Release|x86.Build.0 = Release|Any CPU
		{69C0476B-649F-4133-A39C-253536588156}.Debug|Any CPU.ActiveCfg = Debug|Any CPU
		{69C0476B-649F-4133-A39C-253536588156}.Debug|Any CPU.Build.0 = Debug|Any CPU
		{69C0476B-649F-4133-A39C-253536588156}.Debug|x64.ActiveCfg = Debug|Any CPU
		{69C0476B-649F-4133-A39C-253536588156}.Debug|x64.Build.0 = Debug|Any CPU
		{69C0476B-649F-4133-A39C-253536588156}.Debug|x86.ActiveCfg = Debug|Any CPU
		{69C0476B-649F-4133-A39C-253536588156}.Debug|x86.Build.0 = Debug|Any CPU
		{69C0476B-649F-4133-A39C-253536588156}.Release|Any CPU.ActiveCfg = Release|Any CPU
		{69C0476B-649F-4133-A39C-253536588156}.Release|Any CPU.Build.0 = Release|Any CPU
		{69C0476B-649F-4133-A39C-253536588156}.Release|x64.ActiveCfg = Release|Any CPU
		{69C0476B-649F-4133-A39C-253536588156}.Release|x64.Build.0 = Release|Any CPU
		{69C0476B-649F-4133-A39C-253536588156}.Release|x86.ActiveCfg = Release|Any CPU
		{69C0476B-649F-4133-A39C-253536588156}.Release|x86.Build.0 = Release|Any CPU
		{4A869998-223C-47A9-B00A-F6301E01A99B}.Debug|Any CPU.ActiveCfg = Debug|Any CPU
		{4A869998-223C-47A9-B00A-F6301E01A99B}.Debug|Any CPU.Build.0 = Debug|Any CPU
		{4A869998-223C-47A9-B00A-F6301E01A99B}.Debug|x64.ActiveCfg = Debug|Any CPU
		{4A869998-223C-47A9-B00A-F6301E01A99B}.Debug|x64.Build.0 = Debug|Any CPU
		{4A869998-223C-47A9-B00A-F6301E01A99B}.Debug|x86.ActiveCfg = Debug|Any CPU
		{4A869998-223C-47A9-B00A-F6301E01A99B}.Debug|x86.Build.0 = Debug|Any CPU
		{4A869998-223C-47A9-B00A-F6301E01A99B}.Release|Any CPU.ActiveCfg = Release|Any CPU
		{4A869998-223C-47A9-B00A-F6301E01A99B}.Release|Any CPU.Build.0 = Release|Any CPU
		{4A869998-223C-47A9-B00A-F6301E01A99B}.Release|x64.ActiveCfg = Release|Any CPU
		{4A869998-223C-47A9-B00A-F6301E01A99B}.Release|x64.Build.0 = Release|Any CPU
		{4A869998-223C-47A9-B00A-F6301E01A99B}.Release|x86.ActiveCfg = Release|Any CPU
		{4A869998-223C-47A9-B00A-F6301E01A99B}.Release|x86.Build.0 = Release|Any CPU
		{CF8F2E9C-83D1-414E-9977-898323E7D180}.Debug|Any CPU.ActiveCfg = Debug|Any CPU
		{CF8F2E9C-83D1-414E-9977-898323E7D180}.Debug|Any CPU.Build.0 = Debug|Any CPU
		{CF8F2E9C-83D1-414E-9977-898323E7D180}.Debug|x64.ActiveCfg = Debug|Any CPU
		{CF8F2E9C-83D1-414E-9977-898323E7D180}.Debug|x64.Build.0 = Debug|Any CPU
		{CF8F2E9C-83D1-414E-9977-898323E7D180}.Debug|x86.ActiveCfg = Debug|Any CPU
		{CF8F2E9C-83D1-414E-9977-898323E7D180}.Debug|x86.Build.0 = Debug|Any CPU
		{CF8F2E9C-83D1-414E-9977-898323E7D180}.Release|Any CPU.ActiveCfg = Release|Any CPU
		{CF8F2E9C-83D1-414E-9977-898323E7D180}.Release|Any CPU.Build.0 = Release|Any CPU
		{CF8F2E9C-83D1-414E-9977-898323E7D180}.Release|x64.ActiveCfg = Release|Any CPU
		{CF8F2E9C-83D1-414E-9977-898323E7D180}.Release|x64.Build.0 = Release|Any CPU
		{CF8F2E9C-83D1-414E-9977-898323E7D180}.Release|x86.ActiveCfg = Release|Any CPU
		{CF8F2E9C-83D1-414E-9977-898323E7D180}.Release|x86.Build.0 = Release|Any CPU
		{9BC2FF3D-8BB7-4BE1-A77F-C7B3159AEBCB}.Debug|Any CPU.ActiveCfg = Debug|Any CPU
		{9BC2FF3D-8BB7-4BE1-A77F-C7B3159AEBCB}.Debug|Any CPU.Build.0 = Debug|Any CPU
		{9BC2FF3D-8BB7-4BE1-A77F-C7B3159AEBCB}.Debug|x64.ActiveCfg = Debug|Any CPU
		{9BC2FF3D-8BB7-4BE1-A77F-C7B3159AEBCB}.Debug|x64.Build.0 = Debug|Any CPU
		{9BC2FF3D-8BB7-4BE1-A77F-C7B3159AEBCB}.Debug|x86.ActiveCfg = Debug|Any CPU
		{9BC2FF3D-8BB7-4BE1-A77F-C7B3159AEBCB}.Debug|x86.Build.0 = Debug|Any CPU
		{9BC2FF3D-8BB7-4BE1-A77F-C7B3159AEBCB}.Release|Any CPU.ActiveCfg = Release|Any CPU
		{9BC2FF3D-8BB7-4BE1-A77F-C7B3159AEBCB}.Release|Any CPU.Build.0 = Release|Any CPU
		{9BC2FF3D-8BB7-4BE1-A77F-C7B3159AEBCB}.Release|x64.ActiveCfg = Release|Any CPU
		{9BC2FF3D-8BB7-4BE1-A77F-C7B3159AEBCB}.Release|x64.Build.0 = Release|Any CPU
		{9BC2FF3D-8BB7-4BE1-A77F-C7B3159AEBCB}.Release|x86.ActiveCfg = Release|Any CPU
		{9BC2FF3D-8BB7-4BE1-A77F-C7B3159AEBCB}.Release|x86.Build.0 = Release|Any CPU
	EndGlobalSection
	GlobalSection(SolutionProperties) = preSolution
		HideSolutionNode = FALSE
	EndGlobalSection
	GlobalSection(NestedProjects) = preSolution
		{7BCFBCBD-1239-435E-B10D-9FAEEE1F2145} = {827E0CD3-B72D-47B6-A68D-7590B98EB39B}
		{8A8A1BE7-E6A4-440A-9B89-AC809C983606} = {827E0CD3-B72D-47B6-A68D-7590B98EB39B}
		{389F20C7-E67F-4484-BC8D-9E7158744B2B} = {827E0CD3-B72D-47B6-A68D-7590B98EB39B}
		{D1F3A405-7B3B-48F8-B96B-6E1EB952E220} = {0AB3BF05-4346-4AA6-1389-037BE0695223}
		{E55412F8-4908-48DD-97B2-15FA87C93ADD} = {0AB3BF05-4346-4AA6-1389-037BE0695223}
		{E4CB27ED-5DBD-452F-A9A7-DFEE8F107F45} = {0AB3BF05-4346-4AA6-1389-037BE0695223}
		{F31B0A7E-D3CE-46C8-BBCE-0C82A6DFBFDA} = {827E0CD3-B72D-47B6-A68D-7590B98EB39B}
		{A4128202-C761-45BA-8122-BABF3EA8826D} = {827E0CD3-B72D-47B6-A68D-7590B98EB39B}
		{971CA57F-5470-45F4-BFDA-604E9E8F1845} = {0AB3BF05-4346-4AA6-1389-037BE0695223}
		{69C0476B-649F-4133-A39C-253536588156} = {827E0CD3-B72D-47B6-A68D-7590B98EB39B}
		{4A869998-223C-47A9-B00A-F6301E01A99B} = {0AB3BF05-4346-4AA6-1389-037BE0695223}
		{CF8F2E9C-83D1-414E-9977-898323E7D180} = {827E0CD3-B72D-47B6-A68D-7590B98EB39B}
		{9BC2FF3D-8BB7-4BE1-A77F-C7B3159AEBCB} = {0AB3BF05-4346-4AA6-1389-037BE0695223}
	EndGlobalSection
EndGlobal
